
Microsoft Visual Studio Solution File, Format Version 12.00
# Visual Studio Version 17
VisualStudioVersion = 17.5.33627.172
MinimumVisualStudioVersion = 10.0.40219.1
Project("{FAE04EC0-301F-11D3-BF4B-00C04F79EFBC}") = "BookWeb", "BookWeb\BookWeb.csproj", "{32D99AF9-6FA6-4DCE-B411-8920674BD728}"
EndProject
Global
	GlobalSection(SolutionConfigurationPlatforms) = preSolution
		Debug|Any CPU = Debug|Any CPU
		Release|Any CPU = Release|Any CPU
	EndGlobalSection
	GlobalSection(ProjectConfigurationPlatforms) = postSolution
		{32D99AF9-6FA6-4DCE-B411-8920674BD728}.Debug|Any CPU.ActiveCfg = Debug|Any CPU
		{32D99AF9-6FA6-4DCE-B411-8920674BD728}.Debug|Any CPU.Build.0 = Debug|Any CPU
		{32D99AF9-6FA6-4DCE-B411-8920674BD728}.Release|Any CPU.ActiveCfg = Release|Any CPU
		{32D99AF9-6FA6-4DCE-B411-8920674BD728}.Release|Any CPU.Build.0 = Release|Any CPU
	EndGlobalSection
	GlobalSection(SolutionProperties) = preSolution
		HideSolutionNode = FALSE
	EndGlobalSection
	GlobalSection(ExtensibilityGlobals) = postSolution
		SolutionGuid = {5AF9DDA8-F806-4A79-BF07-C61C051ED877}
	EndGlobalSection
EndGlobal
